# This file is generated by running "yarn install" inside your project.
# Manual changes might be lost - proceed with caution!

__metadata:
  version: 8
  cacheKey: 10c0

"@cspotcode/source-map-support@npm:^0.8.0":
  version: 0.8.1
  resolution: "@cspotcode/source-map-support@npm:0.8.1"
  dependencies:
    "@jridgewell/trace-mapping": "npm:0.3.9"
  checksum: 10c0/05c5368c13b662ee4c122c7bfbe5dc0b613416672a829f3e78bc49a357a197e0218d6e74e7c66cfcd04e15a179acab080bd3c69658c9fbefd0e1ccd950a07fc6
  languageName: node
  linkType: hard

"@jridgewell/resolve-uri@npm:^3.0.3":
  version: 3.1.0
  resolution: "@jridgewell/resolve-uri@npm:3.1.0"
  checksum: 10c0/78055e2526108331126366572045355051a930f017d1904a4f753d3f4acee8d92a14854948095626f6163cffc24ea4e3efa30637417bb866b84743dec7ef6fd9
  languageName: node
  linkType: hard

"@jridgewell/sourcemap-codec@npm:^1.4.10":
  version: 1.4.14
  resolution: "@jridgewell/sourcemap-codec@npm:1.4.14"
  checksum: 10c0/3fbaff1387c1338b097eeb6ff92890d7838f7de0dde259e4983763b44540bfd5ca6a1f7644dc8ad003a57f7e80670d5b96a8402f1386ba9aee074743ae9bad51
  languageName: node
  linkType: hard

"@jridgewell/trace-mapping@npm:0.3.9":
  version: 0.3.9
  resolution: "@jridgewell/trace-mapping@npm:0.3.9"
  dependencies:
    "@jridgewell/resolve-uri": "npm:^3.0.3"
    "@jridgewell/sourcemap-codec": "npm:^1.4.10"
  checksum: 10c0/fa425b606d7c7ee5bfa6a31a7b050dd5814b4082f318e0e4190f991902181b4330f43f4805db1dd4f2433fd0ed9cc7a7b9c2683f1deeab1df1b0a98b1e24055b
  languageName: node
  linkType: hard

"@octokit/auth-oauth-app@npm:^8.1.3":
  version: 8.1.3
  resolution: "@octokit/auth-oauth-app@npm:8.1.3"
  dependencies:
    "@octokit/auth-oauth-device": "npm:^7.1.3"
    "@octokit/auth-oauth-user": "npm:^5.1.3"
    "@octokit/request": "npm:^9.2.1"
    "@octokit/types": "npm:^13.6.2"
    universal-user-agent: "npm:^7.0.0"
  checksum: 10c0/23aa311a8a181a551c4cc2de953801a50cb5abc211bab01c95d198ebb0afebbdbb5c0cfa8756f5e1a149af0b3c5fcd11e75e9ace297051ecb7b5cb3d9c414e57
  languageName: node
  linkType: hard

"@octokit/auth-oauth-device@npm:^7.1.3":
  version: 7.1.3
  resolution: "@octokit/auth-oauth-device@npm:7.1.3"
  dependencies:
    "@octokit/oauth-methods": "npm:^5.1.4"
    "@octokit/request": "npm:^9.2.1"
    "@octokit/types": "npm:^13.6.2"
    universal-user-agent: "npm:^7.0.0"
  checksum: 10c0/23373396fb93b55ccccc9b3a1b0ed2cf5ef9da7d2244a1450bea674c00060cdc6614185e387ff8c9d2958c9b20aa0ec1d4f61b7f50caebbd39e638c0fe603f3d
  languageName: node
  linkType: hard

"@octokit/auth-oauth-user@npm:^5.1.3":
  version: 5.1.3
  resolution: "@octokit/auth-oauth-user@npm:5.1.3"
  dependencies:
    "@octokit/auth-oauth-device": "npm:^7.1.3"
    "@octokit/oauth-methods": "npm:^5.1.3"
    "@octokit/request": "npm:^9.2.1"
    "@octokit/types": "npm:^13.6.2"
    universal-user-agent: "npm:^7.0.0"
  checksum: 10c0/01809c89a74b4e3db594d362b47d7d3495cb6dd6ee8e730b6c8a751e552c3b5cc7c67508dd4869171e3bbce306db4762def945cb9c022362ec2b7ca280795e79
  languageName: node
  linkType: hard

"@octokit/auth-token@npm:^5.0.0":
  version: 5.1.2
  resolution: "@octokit/auth-token@npm:5.1.2"
  checksum: 10c0/bd4952571d9c559ede1f6ef8f7756900256d19df0180db04da88886a05484c7e6a4397611422e4804465a82addc8c2daa21d0bb4f450403552ee81041a4046d1
  languageName: node
  linkType: hard

"@octokit/core@npm:^6.1.4":
  version: 6.1.4
  resolution: "@octokit/core@npm:6.1.4"
  dependencies:
    "@octokit/auth-token": "npm:^5.0.0"
    "@octokit/graphql": "npm:^8.1.2"
    "@octokit/request": "npm:^9.2.1"
    "@octokit/request-error": "npm:^6.1.7"
    "@octokit/types": "npm:^13.6.2"
    before-after-hook: "npm:^3.0.2"
    universal-user-agent: "npm:^7.0.0"
  checksum: 10c0/bcb05e83c54f686ae55bd3793e63a1832f83cbe804586b52c61b0e18942609dcc209af501720de6f2c87dc575047645b074f4cd5822d461e892058ea9654aebc
  languageName: node
  linkType: hard

"@octokit/endpoint@npm:^10.1.3":
  version: 10.1.3
  resolution: "@octokit/endpoint@npm:10.1.3"
  dependencies:
    "@octokit/types": "npm:^13.6.2"
    universal-user-agent: "npm:^7.0.2"
  checksum: 10c0/096956534efee1f683b4749673c2d1673c6fbe5362b9cce553f9f4b956feaf59bde816594de72f4352f749b862d0b15bc0e2fa7fb0e198deb1fe637b5f4a8bc7
  languageName: node
  linkType: hard

"@octokit/graphql@npm:^8.1.2":
  version: 8.2.1
  resolution: "@octokit/graphql@npm:8.2.1"
  dependencies:
    "@octokit/request": "npm:^9.2.2"
    "@octokit/types": "npm:^13.8.0"
    universal-user-agent: "npm:^7.0.0"
  checksum: 10c0/79fe7b50113bef90a32e3b6ee48923cad2afc049aba5c22e44167cf5773e2688a4e953f3ee1e24bee9706ccf7588ae14451933b282f63f1f7d5c95d319df23dd
  languageName: node
  linkType: hard

"@octokit/oauth-authorization-url@npm:^7.0.0":
  version: 7.1.1
  resolution: "@octokit/oauth-authorization-url@npm:7.1.1"
  checksum: 10c0/a2723dde503693d4b0793bc43988d7445bdbd1a4e4994f4e94e635816c87b12a3058609eb5982d91783ddf6cdf663ccdb954b5d05efdc59cb66bc0456d7ba370
  languageName: node
  linkType: hard

"@octokit/oauth-methods@npm:^5.1.3, @octokit/oauth-methods@npm:^5.1.4":
  version: 5.1.4
  resolution: "@octokit/oauth-methods@npm:5.1.4"
  dependencies:
    "@octokit/oauth-authorization-url": "npm:^7.0.0"
    "@octokit/request": "npm:^9.2.1"
    "@octokit/request-error": "npm:^6.1.7"
    "@octokit/types": "npm:^13.6.2"
  checksum: 10c0/28d02aad67b5559dbb2660ca91bb31c8a2e1dab7c81a6df505f80fbeba56a25b8c291e8add510a5db75ff15aff30c5ea078f7f670bb83c3fe693e25532dae401
  languageName: node
  linkType: hard

"@octokit/openapi-types@npm:^23.0.1":
  version: 23.0.1
  resolution: "@octokit/openapi-types@npm:23.0.1"
  checksum: 10c0/ab734ceb26343d9f051a59503b8cb5bdc7fec9ca044b60511b227179bec73141dd9144a6b2d68bcd737741881b136c1b7d5392da89ae2e35e39acc489e5eb4c1
  languageName: node
  linkType: hard

"@octokit/plugin-paginate-rest@npm:^11.4.2":
  version: 11.4.3
  resolution: "@octokit/plugin-paginate-rest@npm:11.4.3"
  dependencies:
    "@octokit/types": "npm:^13.7.0"
  peerDependencies:
    "@octokit/core": ">=6"
  checksum: 10c0/132fa9c4eacec84d8025866775f0325a752a4c7496a61ebafbd72c80626ead44d1efdae738f1dffd70e2bf3a34e007693ea2356fca5c2a1be445ac466231c395
  languageName: node
  linkType: hard

"@octokit/plugin-request-log@npm:^5.3.1":
  version: 5.3.1
  resolution: "@octokit/plugin-request-log@npm:5.3.1"
  peerDependencies:
    "@octokit/core": ">=6"
  checksum: 10c0/2f959934b8285cf39a1d1d0b92ec881b3ae171ae74738225f87b89381afd72a32bc7ea9c04d2dcee74f74ad24c22cce0c5f3e5b4333d531ea67b985e4ee90cb0
  languageName: node
  linkType: hard

"@octokit/plugin-rest-endpoint-methods@npm:^13.3.0":
  version: 13.3.1
  resolution: "@octokit/plugin-rest-endpoint-methods@npm:13.3.1"
  dependencies:
    "@octokit/types": "npm:^13.8.0"
  peerDependencies:
    "@octokit/core": ">=6"
  checksum: 10c0/bb9c16c4a05299ed32d871c170c658db5bb81104a276cc2dda80b8ed3038a467124ef5c7d6f3a170a215197f0507c15915f0dc91f0651233d992cee8a9cf3eb0
  languageName: node
  linkType: hard

"@octokit/plugin-retry@npm:^7.1.4":
  version: 7.1.4
  resolution: "@octokit/plugin-retry@npm:7.1.4"
  dependencies:
    "@octokit/request-error": "npm:^6.1.7"
    "@octokit/types": "npm:^13.6.2"
    bottleneck: "npm:^2.15.3"
  peerDependencies:
    "@octokit/core": ">=6"
  checksum: 10c0/c38041920afa14c00b0b42ba6c77da45ed5deb47dc843497061193c2b28cf14ab2b928f962fcdf14c9a97c78490732c9619d77392c3e8ffa4932e80de18fa701
  languageName: node
  linkType: hard

"@octokit/request-error@npm:^6.1.7":
  version: 6.1.7
  resolution: "@octokit/request-error@npm:6.1.7"
  dependencies:
    "@octokit/types": "npm:^13.6.2"
  checksum: 10c0/24bd6f98b1d7b2d4062de34777b4195d3cc4dc40c3187a0321dd588291ec5e13b5760765aacdef3a73796a529d3dec0bfb820780be6ef526a3e774d13566b5b0
  languageName: node
  linkType: hard

"@octokit/request@npm:^9.2.1, @octokit/request@npm:^9.2.2":
  version: 9.2.2
  resolution: "@octokit/request@npm:9.2.2"
  dependencies:
    "@octokit/endpoint": "npm:^10.1.3"
    "@octokit/request-error": "npm:^6.1.7"
    "@octokit/types": "npm:^13.6.2"
    fast-content-type-parse: "npm:^2.0.0"
    universal-user-agent: "npm:^7.0.2"
  checksum: 10c0/14cb523c17ed619c63e52025af9fdc67357b63d113905ec0ccb47badd20926e6f37a17a0620d3a906823b496e3b7efb29ed1e2af658cde5daf3ed3f88b421973
  languageName: node
  linkType: hard

"@octokit/rest@npm:^21.1.1":
  version: 21.1.1
  resolution: "@octokit/rest@npm:21.1.1"
  dependencies:
    "@octokit/core": "npm:^6.1.4"
    "@octokit/plugin-paginate-rest": "npm:^11.4.2"
    "@octokit/plugin-request-log": "npm:^5.3.1"
    "@octokit/plugin-rest-endpoint-methods": "npm:^13.3.0"
  checksum: 10c0/59e4fe55942e6f94ff6924934418fbfdee516f6df00889f9417add037c2163b45079a600b6c43449bc824641c9f1b9ac6fe9d3b52a5a1ed3e5e12de697171b78
  languageName: node
  linkType: hard

"@octokit/types@npm:^13.6.2, @octokit/types@npm:^13.7.0, @octokit/types@npm:^13.8.0":
  version: 13.8.0
  resolution: "@octokit/types@npm:13.8.0"
  dependencies:
    "@octokit/openapi-types": "npm:^23.0.1"
  checksum: 10c0/e08c2fcf10e374f18e4c9fa12a6ada33a40f112d1209012a39f0ce40ae7aa9dcf0598b6007b467f63cc4a97e7b1388d6eed34ddef61494655e08b5a95afaad97
  languageName: node
  linkType: hard

"@tsconfig/node10@npm:^1.0.7":
  version: 1.0.9
  resolution: "@tsconfig/node10@npm:1.0.9"
  checksum: 10c0/c176a2c1e1b16be120c328300ea910df15fb9a5277010116d26818272341a11483c5a80059389d04edacf6fd2d03d4687ad3660870fdd1cc0b7109e160adb220
  languageName: node
  linkType: hard

"@tsconfig/node12@npm:^1.0.7":
  version: 1.0.11
  resolution: "@tsconfig/node12@npm:1.0.11"
  checksum: 10c0/dddca2b553e2bee1308a056705103fc8304e42bb2d2cbd797b84403a223b25c78f2c683ec3e24a095e82cd435387c877239bffcb15a590ba817cd3f6b9a99fd9
  languageName: node
  linkType: hard

"@tsconfig/node14@npm:^1.0.0":
  version: 1.0.3
  resolution: "@tsconfig/node14@npm:1.0.3"
  checksum: 10c0/67c1316d065fdaa32525bc9449ff82c197c4c19092b9663b23213c8cbbf8d88b6ed6a17898e0cbc2711950fbfaf40388938c1c748a2ee89f7234fc9e7fe2bf44
  languageName: node
  linkType: hard

"@tsconfig/node16@npm:^1.0.2":
  version: 1.0.3
  resolution: "@tsconfig/node16@npm:1.0.3"
  checksum: 10c0/451a0d4b2bc35c2cdb30a49b6c699d797b8bbac99b883237659698678076d4193050d90e2ee36016ccbca57075cdb073cadab38cedc45119bac68ab331958cbc
  languageName: node
  linkType: hard

"@types/config@npm:^3.3.0":
  version: 3.3.0
  resolution: "@types/config@npm:3.3.0"
  checksum: 10c0/7e44eedc3dcd0922d65fc8505d4edac112e0d8cf583c4c493aad748cbf7f5030d0d7cdde6fec759ededb8d9ffebbd2cb99f148ca9bbd6375fe9d507ffc1413a6
  languageName: node
  linkType: hard

"@types/node@npm:^18.15.5":
  version: 18.15.5
  resolution: "@types/node@npm:18.15.5"
  checksum: 10c0/9035946e1b5b00dd418d95c86ab50deafed904fcede7e3ece3ece348ba7ab1fd88af11bd9c0ce2074b355c42985ed607763f2ce53b8246e77c494a131e14a84c
  languageName: node
  linkType: hard

"acorn-walk@npm:^8.1.1":
  version: 8.2.0
  resolution: "acorn-walk@npm:8.2.0"
  checksum: 10c0/dbe92f5b2452c93e960c5594e666dd1fae141b965ff2cb4a1e1d0381e3e4db4274c5ce4ffa3d681a86ca2a8d4e29d5efc0670a08e23fd2800051ea387df56ca2
  languageName: node
  linkType: hard

"acorn@npm:^8.4.1":
  version: 8.8.2
  resolution: "acorn@npm:8.8.2"
  bin:
    acorn: bin/acorn
  checksum: 10c0/b5c54e736af5ed753911c6752fafd02d0a74cf4d55be606bd81fe71faba4f986dc090952329931ac2aba165803fd0005c59eeef08f9c6c689e8dc420031f3df0
  languageName: node
  linkType: hard

"arg@npm:^4.1.0":
  version: 4.1.3
  resolution: "arg@npm:4.1.3"
  checksum: 10c0/070ff801a9d236a6caa647507bdcc7034530604844d64408149a26b9e87c2f97650055c0f049abd1efc024b334635c01f29e0b632b371ac3f26130f4cf65997a
  languageName: node
  linkType: hard

"balanced-match@npm:^1.0.0":
  version: 1.0.2
  resolution: "balanced-match@npm:1.0.2"
  checksum: 10c0/9308baf0a7e4838a82bbfd11e01b1cb0f0cf2893bc1676c27c2a8c0e70cbae1c59120c3268517a8ae7fb6376b4639ef81ca22582611dbee4ed28df945134aaee
  languageName: node
  linkType: hard

"before-after-hook@npm:^3.0.2":
  version: 3.0.2
  resolution: "before-after-hook@npm:3.0.2"
  checksum: 10c0/dea640f9e88a1085372c9bcc974b7bf379267490693da92ec102a7d8b515dd1e95f00ef575a146b83ca638104c57406c3427d37bdf082f602dde4b56d05bba14
  languageName: node
  linkType: hard

"bottleneck@npm:^2.15.3":
  version: 2.19.5
  resolution: "bottleneck@npm:2.19.5"
  checksum: 10c0/b0f72e45b2e0f56a21ba720183f16bef8e693452fb0495d997fa354e42904353a94bd8fd429868e6751bc85e54b6755190519eed5a0ae0a94a5185209ae7c6d0
  languageName: node
  linkType: hard

"brace-expansion@npm:^2.0.1":
  version: 2.0.1
  resolution: "brace-expansion@npm:2.0.1"
  dependencies:
    balanced-match: "npm:^1.0.0"
  checksum: 10c0/b358f2fe060e2d7a87aa015979ecea07f3c37d4018f8d6deb5bd4c229ad3a0384fe6029bb76cd8be63c81e516ee52d1a0673edbe2023d53a5191732ae3c3e49f
  languageName: node
  linkType: hard

"config@npm:^3.3.9":
  version: 3.3.9
  resolution: "config@npm:3.3.9"
  dependencies:
    json5: "npm:^2.2.3"
  checksum: 10c0/157d02b8c0ab0fb0b4b9d61591fe428a24c200d2c5c5fc3e43ccc80941999a4035d4eaa6b59e1645d10f66604678c0612b86c6fc5950637f777b7c6d9b4de219
  languageName: node
  linkType: hard

"create-require@npm:^1.1.0":
  version: 1.1.1
  resolution: "create-require@npm:1.1.1"
  checksum: 10c0/157cbc59b2430ae9a90034a5f3a1b398b6738bf510f713edc4d4e45e169bc514d3d99dd34d8d01ca7ae7830b5b8b537e46ae8f3c8f932371b0875c0151d7ec91
  languageName: node
  linkType: hard

"diff@npm:^4.0.1":
  version: 4.0.2
  resolution: "diff@npm:4.0.2"
  checksum: 10c0/81b91f9d39c4eaca068eb0c1eb0e4afbdc5bb2941d197f513dd596b820b956fef43485876226d65d497bebc15666aa2aa82c679e84f65d5f2bfbf14ee46e32c1
  languageName: node
  linkType: hard

"fast-content-type-parse@npm:^2.0.0":
  version: 2.0.1
  resolution: "fast-content-type-parse@npm:2.0.1"
  checksum: 10c0/e5ff87d75a35ae4cf377df1dca46ec49e7abbdc8513689676ecdef548b94900b50e66e516e64470035d79b9f7010ef15d98c24d8ae803a881363cc59e0715e19
  languageName: node
  linkType: hard

"fs.realpath@npm:^1.0.0":
  version: 1.0.0
  resolution: "fs.realpath@npm:1.0.0"
  checksum: 10c0/444cf1291d997165dfd4c0d58b69f0e4782bfd9149fd72faa4fe299e68e0e93d6db941660b37dd29153bf7186672ececa3b50b7e7249477b03fdf850f287c948
  languageName: node
  linkType: hard

"gh-activity@workspace:.":
  version: 0.0.0-use.local
  resolution: "gh-activity@workspace:."
  dependencies:
    "@octokit/auth-oauth-app": "npm:^8.1.3"
    "@octokit/plugin-retry": "npm:^7.1.4"
    "@octokit/rest": "npm:^21.1.1"
    "@types/config": "npm:^3.3.0"
    "@types/node": "npm:^18.15.5"
    config: "npm:^3.3.9"
    rimraf: "npm:^4.4.0"
    ts-node: "npm:^10.9.1"
    typescript: "npm:^4.9.5"
  languageName: unknown
  linkType: soft

"glob@npm:^9.2.0":
  version: 9.3.0
  resolution: "glob@npm:9.3.0"
  dependencies:
    fs.realpath: "npm:^1.0.0"
    minimatch: "npm:^7.4.1"
    minipass: "npm:^4.2.4"
    path-scurry: "npm:^1.6.1"
  checksum: 10c0/71d089be8fa3d47f54c3808992d624ea283671ae9eb6184cdc73dc5ab2365c1ff1b559f39f299e29812104780f3475444ff3a77df01bb6eb0aebbe8bda1eabff
  languageName: node
  linkType: hard

"json5@npm:^2.2.3":
  version: 2.2.3
  resolution: "json5@npm:2.2.3"
  bin:
    json5: lib/cli.js
  checksum: 10c0/5a04eed94810fa55c5ea138b2f7a5c12b97c3750bc63d11e511dcecbfef758003861522a070c2272764ee0f4e3e323862f386945aeb5b85b87ee43f084ba586c
  languageName: node
  linkType: hard

"lru-cache@npm:^7.14.1":
  version: 7.18.3
  resolution: "lru-cache@npm:7.18.3"
  checksum: 10c0/b3a452b491433db885beed95041eb104c157ef7794b9c9b4d647be503be91769d11206bb573849a16b4cc0d03cbd15ffd22df7960997788b74c1d399ac7a4fed
  languageName: node
  linkType: hard

"make-error@npm:^1.1.1":
  version: 1.3.6
  resolution: "make-error@npm:1.3.6"
  checksum: 10c0/171e458d86854c6b3fc46610cfacf0b45149ba043782558c6875d9f42f222124384ad0b468c92e996d815a8a2003817a710c0a160e49c1c394626f76fa45396f
  languageName: node
  linkType: hard

"minimatch@npm:^7.4.1":
  version: 7.4.2
  resolution: "minimatch@npm:7.4.2"
  dependencies:
    brace-expansion: "npm:^2.0.1"
  checksum: 10c0/6deed7078b84934179cec0cc0b46d27b76f995deda7f5d1833f376d8e4c062f4df08f4d979899109b4304fae975b0ebd877aa2a8a94b70ad76d640bf44c070e2
  languageName: node
  linkType: hard

"minipass@npm:^4.0.2, minipass@npm:^4.2.4":
  version: 4.2.5
  resolution: "minipass@npm:4.2.5"
  checksum: 10c0/98ef3a4f0e7cbb2a152139069fd48eca331296948946c69fd569eee24d875e1dbbe989609b561b9ff8ecdc3438f46ed6c287efd150facd7d374a8fd6ba689d02
  languageName: node
  linkType: hard

"path-scurry@npm:^1.6.1":
  version: 1.6.1
  resolution: "path-scurry@npm:1.6.1"
  dependencies:
    lru-cache: "npm:^7.14.1"
    minipass: "npm:^4.0.2"
  checksum: 10c0/5fe11e99b9ddd93ca384846057fe45843e5b88564ea0acf227c58fbc635ccd93a2a491588677649f54bb68067418331b8c914e027bd66fb980a5a7f007a62fe7
  languageName: node
  linkType: hard

"rimraf@npm:^4.4.0":
  version: 4.4.0
  resolution: "rimraf@npm:4.4.0"
  dependencies:
    glob: "npm:^9.2.0"
  bin:
    rimraf: dist/cjs/src/bin.js
  checksum: 10c0/41a6af9fa605e9797c66e538301b34b8cd7323e75ea803bc0490bb31dce5c5573ffcfcf6a93c3b3fae14e4d5548fc27006250aed3867a200d102384582adecf0
  languageName: node
  linkType: hard

"ts-node@npm:^10.9.1":
  version: 10.9.1
  resolution: "ts-node@npm:10.9.1"
  dependencies:
    "@cspotcode/source-map-support": "npm:^0.8.0"
    "@tsconfig/node10": "npm:^1.0.7"
    "@tsconfig/node12": "npm:^1.0.7"
    "@tsconfig/node14": "npm:^1.0.0"
    "@tsconfig/node16": "npm:^1.0.2"
    acorn: "npm:^8.4.1"
    acorn-walk: "npm:^8.1.1"
    arg: "npm:^4.1.0"
    create-require: "npm:^1.1.0"
    diff: "npm:^4.0.1"
    make-error: "npm:^1.1.1"
    v8-compile-cache-lib: "npm:^3.0.1"
    yn: "npm:3.1.1"
  peerDependencies:
    "@swc/core": ">=1.2.50"
    "@swc/wasm": ">=1.2.50"
    "@types/node": "*"
    typescript: ">=2.7"
  peerDependenciesMeta:
    "@swc/core":
      optional: true
    "@swc/wasm":
      optional: true
  bin:
    ts-node: dist/bin.js
    ts-node-cwd: dist/bin-cwd.js
    ts-node-esm: dist/bin-esm.js
    ts-node-script: dist/bin-script.js
    ts-node-transpile-only: dist/bin-transpile.js
    ts-script: dist/bin-script-deprecated.js
  checksum: 10c0/95187932fb83f3901e22546bd2feeac7d2feb4f412f42ac3a595f049a23e8dcf70516dffb51866391228ea2dbcfaea039e250fb2bb334d48a86ab2b6aea0ae2d
  languageName: node
  linkType: hard

"typescript@npm:^4.9.5":
  version: 4.9.5
  resolution: "typescript@npm:4.9.5"
  bin:
    tsc: bin/tsc
    tsserver: bin/tsserver
  checksum: 10c0/5f6cad2e728a8a063521328e612d7876e12f0d8a8390d3b3aaa452a6a65e24e9ac8ea22beb72a924fd96ea0a49ea63bb4e251fb922b12eedfb7f7a26475e5c56
  languageName: node
  linkType: hard

"typescript@patch:typescript@npm%3A^4.9.5#optional!builtin<compat/typescript>":
  version: 4.9.5
  resolution: "typescript@patch:typescript@npm%3A4.9.5#optional!builtin<compat/typescript>::version=4.9.5&hash=289587"
  bin:
    tsc: bin/tsc
    tsserver: bin/tsserver
  checksum: 10c0/e3333f887c6829dfe0ab6c1dbe0dd1e3e2aeb56c66460cb85c5440c566f900c833d370ca34eb47558c0c69e78ced4bfe09b8f4f98b6de7afed9b84b8d1dd06a1
  languageName: node
  linkType: hard

"universal-user-agent@npm:^7.0.0, universal-user-agent@npm:^7.0.2":
  version: 7.0.2
  resolution: "universal-user-agent@npm:7.0.2"
  checksum: 10c0/e60517ee929813e6b3ac0ceb3c66deccafadc71341edca160279ff046319c684fd7090a60d63aa61cd34a06c2d2acebeb8c2f8d364244ae7bf8ab788e20cd8c8
  languageName: node
  linkType: hard

"v8-compile-cache-lib@npm:^3.0.1":
  version: 3.0.1
  resolution: "v8-compile-cache-lib@npm:3.0.1"
  checksum: 10c0/bdc36fb8095d3b41df197f5fb6f11e3a26adf4059df3213e3baa93810d8f0cc76f9a74aaefc18b73e91fe7e19154ed6f134eda6fded2e0f1c8d2272ed2d2d391
  languageName: node
  linkType: hard

"yn@npm:3.1.1":
  version: 3.1.1
  resolution: "yn@npm:3.1.1"
  checksum: 10c0/0732468dd7622ed8a274f640f191f3eaf1f39d5349a1b72836df484998d7d9807fbea094e2f5486d6b0cd2414aad5775972df0e68f8604db89a239f0f4bf7443
  languageName: node
  linkType: hard
